// !$*UTF8*$!
{
	archiveVersion = 1;
	classes = {
	};
	objectVersion = 56;
	objects = {

/* Begin PBXBuildFile section */
		A1B2C3D4E5F60001A0000001 /* AppDelegate.swift in Sources */ = {isa = PBXBuildFile; fileRef = A1B2C3D4E5F60001A0000011 /* AppDelegate.swift */; };
		A1B2C3D4E5F60001A0000002 /* StatusBarController.swift in Sources */ = {isa = PBXBuildFile; fileRef = A1B2C3D4E5F60001A0000012 /* StatusBarController.swift */; };
		A1B2C3D4E5F60001A0000003 /* KeyboardMonitor.swift in Sources */ = {isa = PBXBuildFile; fileRef = A1B2C3D4E5F60001A0000013 /* KeyboardMonitor.swift */; };
		A1B2C3D4E5F60001A0000004 /* Mapping.swift in Sources */ = {isa = PBXBuildFile; fileRef = A1B2C3D4E5F60001A0000014 /* Mapping.swift */; };
		A1B2C3D4E5F60001A0000005 /* SettingsWindowController.swift in Sources */ = {isa = PBXBuildFile; fileRef = A1B2C3D4E5F60001A0000015 /* SettingsWindowController.swift */; };
		A1B2C3D4E5F60001A0000006 /* AboutWindowController.swift in Sources */ = {isa = PBXBuildFile; fileRef = A1B2C3D4E5F60001A0000016 /* AboutWindowController.swift */; };
		A1B2C3D4E5F60001A0000008 /* Preferences.swift in Sources */ = {isa = PBXBuildFile; fileRef = A1B2C3D4E5F60001A0000018 /* Preferences.swift */; };
		A1B2C3D4E5F60001A0000009 /* Localization.swift in Sources */ = {isa = PBXBuildFile; fileRef = A1B2C3D4E5F60001A0000019 /* Localization.swift */; };
		A1B2C3D4E5F60001A000000B /* DebugLogger.swift in Sources */ = {isa = PBXBuildFile; fileRef = A1B2C3D4E5F60001A0000024 /* DebugLogger.swift */; };
		A1B2C3D4E5F60001A0000007 /* Assets.xcassets in Resources */ = {isa = PBXBuildFile; fileRef = A1B2C3D4E5F60001A0000020 /* Assets.xcassets */; };
		A1B2C3D4E5F60001A000000A /* Localizable.strings in Resources */ = {isa = PBXBuildFile; fileRef = A1B2C3D4E5F60001A0000021 /* Localizable.strings */; };
/* End PBXBuildFile section */

/* Begin PBXFileReference section */
		A1B2C3D4E5F60001A0000010 /* Alpha.app */ = {isa = PBXFileReference; explicitFileType = wrapper.application; includeInIndex = 0; path = Alpha.app; sourceTree = BUILT_PRODUCTS_DIR; };
		A1B2C3D4E5F60001A0000011 /* AppDelegate.swift */ = {isa = PBXFileReference; lastKnownFileType = sourcecode.swift; path = AppDelegate.swift; sourceTree = "<group>"; };
		A1B2C3D4E5F60001A0000012 /* StatusBarController.swift */ = {isa = PBXFileReference; lastKnownFileType = sourcecode.swift; path = StatusBarController.swift; sourceTree = "<group>"; };
		A1B2C3D4E5F60001A0000013 /* KeyboardMonitor.swift */ = {isa = PBXFileReference; lastKnownFileType = sourcecode.swift; path = KeyboardMonitor.swift; sourceTree = "<group>"; };
		A1B2C3D4E5F60001A0000014 /* Mapping.swift */ = {isa = PBXFileReference; lastKnownFileType = sourcecode.swift; path = Mapping.swift; sourceTree = "<group>"; };
		A1B2C3D4E5F60001A0000015 /* SettingsWindowController.swift */ = {isa = PBXFileReference; lastKnownFileType = sourcecode.swift; path = SettingsWindowController.swift; sourceTree = "<group>"; };
		A1B2C3D4E5F60001A0000016 /* AboutWindowController.swift */ = {isa = PBXFileReference; lastKnownFileType = sourcecode.swift; path = AboutWindowController.swift; sourceTree = "<group>"; };
		A1B2C3D4E5F60001A0000018 /* Preferences.swift */ = {isa = PBXFileReference; lastKnownFileType = sourcecode.swift; path = Preferences.swift; sourceTree = "<group>"; };
		A1B2C3D4E5F60001A0000019 /* Localization.swift */ = {isa = PBXFileReference; lastKnownFileType = sourcecode.swift; path = Localization.swift; sourceTree = "<group>"; };
		A1B2C3D4E5F60001A0000024 /* DebugLogger.swift */ = {isa = PBXFileReference; lastKnownFileType = sourcecode.swift; path = DebugLogger.swift; sourceTree = "<group>"; };
		A1B2C3D4E5F60001A0000017 /* Info.plist */ = {isa = PBXFileReference; lastKnownFileType = text.plist.xml; path = Info.plist; sourceTree = "<group>"; };
		A1B2C3D4E5F60001A0000020 /* Assets.xcassets */ = {isa = PBXFileReference; lastKnownFileType = folder.assetcatalog; path = Assets.xcassets; sourceTree = "<group>"; };
		A1B2C3D4E5F60001A0000022 /* en */ = {isa = PBXFileReference; lastKnownFileType = text.plist.strings; name = en; path = en.lproj/Localizable.strings; sourceTree = "<group>"; };
		A1B2C3D4E5F60001A0000023 /* uk */ = {isa = PBXFileReference; lastKnownFileType = text.plist.strings; name = uk; path = uk.lproj/Localizable.strings; sourceTree = "<group>"; };
/* End PBXFileReference section */

/* Begin PBXFrameworksBuildPhase section */
		A1B2C3D4E5F60001A0000100 /* Frameworks */ = {
			isa = PBXFrameworksBuildPhase;
			buildActionMask = 2147483647;
			files = (
			);
			runOnlyForDeploymentPostprocessing = 0;
		};
/* End PBXFrameworksBuildPhase section */

/* Begin PBXGroup section */
		A1B2C3D4E5F60001A0000200 /* Alpha */ = {
			isa = PBXGroup;
			children = (
				A1B2C3D4E5F60001A0000201 /* Alpha */,
				A1B2C3D4E5F60001A0000202 /* Products */,
			);
			sourceTree = "<group>";
		};
		A1B2C3D4E5F60001A0000201 /* Alpha */ = {
			isa = PBXGroup;
			children = (
				A1B2C3D4E5F60001A0000011 /* AppDelegate.swift */,
				A1B2C3D4E5F60001A0000012 /* StatusBarController.swift */,
				A1B2C3D4E5F60001A0000013 /* KeyboardMonitor.swift */,
				A1B2C3D4E5F60001A0000014 /* Mapping.swift */,
				A1B2C3D4E5F60001A0000015 /* SettingsWindowController.swift */,
				A1B2C3D4E5F60001A0000016 /* AboutWindowController.swift */,
				A1B2C3D4E5F60001A0000018 /* Preferences.swift */,
				A1B2C3D4E5F60001A0000019 /* Localization.swift */,
				A1B2C3D4E5F60001A0000024 /* DebugLogger.swift */,
				A1B2C3D4E5F60001A0000021 /* Localizable.strings */,
				A1B2C3D4E5F60001A0000017 /* Info.plist */,
				A1B2C3D4E5F60001A0000020 /* Assets.xcassets */,
			);
			path = Alpha;
			sourceTree = "<group>";
		};
		A1B2C3D4E5F60001A0000202 /* Products */ = {
			isa = PBXGroup;
			children = (
				A1B2C3D4E5F60001A0000010 /* Alpha.app */,
			);
			name = Products;
			sourceTree = "<group>";
		};
/* End PBXGroup section */

/* Begin PBXNativeTarget section */
		A1B2C3D4E5F60001A0000300 /* Alpha */ = {
			isa = PBXNativeTarget;
			buildConfigurationList = A1B2C3D4E5F60001A0000405 /* Build configuration list for PBXNativeTarget "Alpha" */;
			buildPhases = (
				A1B2C3D4E5F60001A0000101 /* Sources */,
				A1B2C3D4E5F60001A0000102 /* Resources */,
				A1B2C3D4E5F60001A0000100 /* Frameworks */,
			);
			buildRules = (
			);
			dependencies = (
			);
			name = Alpha;
			productName = Alpha;
			productReference = A1B2C3D4E5F60001A0000010 /* Alpha.app */;
			productType = "com.apple.product-type.application";
		};
/* End PBXNativeTarget section */

/* Begin PBXProject section */
		A1B2C3D4E5F60001A0000500 /* Project object */ = {
			isa = PBXProject;
			attributes = {
				LastUpgradeCheck = 1600;
				TargetAttributes = {
					A1B2C3D4E5F60001A0000300 = {
						CreatedOnToolsVersion = 16.0;
					};
				};
			};
			buildConfigurationList = A1B2C3D4E5F60001A0000400 /* Build configuration list for PBXProject "Alpha" */;
			compatibilityVersion = "Xcode 15.0";
			developmentRegion = en;
			hasScannedForEncodings = 0;
			knownRegions = (
				en,
				uk,
			);
			mainGroup = A1B2C3D4E5F60001A0000200 /* Alpha */;
			productRefGroup = A1B2C3D4E5F60001A0000202 /* Products */;
			projectDirPath = "";
			projectRoot = "";
			targets = (
				A1B2C3D4E5F60001A0000300 /* Alpha */,
			);
		};
/* End PBXProject section */

/* Begin PBXResourcesBuildPhase section */
		A1B2C3D4E5F60001A0000102 /* Resources */ = {
			isa = PBXResourcesBuildPhase;
			buildActionMask = 2147483647;
			files = (
				A1B2C3D4E5F60001A0000007 /* Assets.xcassets in Resources */,
				A1B2C3D4E5F60001A000000A /* Localizable.strings in Resources */,
			);
			runOnlyForDeploymentPostprocessing = 0;
		};
/* End PBXResourcesBuildPhase section */

/* Begin PBXVariantGroup section */
		A1B2C3D4E5F60001A0000021 /* Localizable.strings */ = {
			isa = PBXVariantGroup;
			children = (
				A1B2C3D4E5F60001A0000022 /* en */,
				A1B2C3D4E5F60001A0000023 /* uk */,
			);
			name = Localizable.strings;
			sourceTree = "<group>";
		};
/* End PBXVariantGroup section */

/* Begin PBXSourcesBuildPhase section */
		A1B2C3D4E5F60001A0000101 /* Sources */ = {
			isa = PBXSourcesBuildPhase;
			buildActionMask = 2147483647;
			files = (
				A1B2C3D4E5F60001A0000001 /* AppDelegate.swift in Sources */,
				A1B2C3D4E5F60001A0000002 /* StatusBarController.swift in Sources */,
				A1B2C3D4E5F60001A0000003 /* KeyboardMonitor.swift in Sources */,
				A1B2C3D4E5F60001A0000004 /* Mapping.swift in Sources */,
				A1B2C3D4E5F60001A0000005 /* SettingsWindowController.swift in Sources */,
				A1B2C3D4E5F60001A0000006 /* AboutWindowController.swift in Sources */,
				A1B2C3D4E5F60001A0000008 /* Preferences.swift in Sources */,
				A1B2C3D4E5F60001A0000009 /* Localization.swift in Sources */,
				A1B2C3D4E5F60001A000000B /* DebugLogger.swift in Sources */,
			);
			runOnlyForDeploymentPostprocessing = 0;
		};
/* End PBXSourcesBuildPhase section */

/* Begin XCBuildConfiguration section */
		A1B2C3D4E5F60001A0000401 /* Debug */ = {
			isa = XCBuildConfiguration;
			buildSettings = {
				ALWAYS_SEARCH_USER_PATHS = NO;
				CLANG_ANALYZER_NONNULL = YES;
				CLANG_ANALYZER_NUMBER_OBJECT_CONVERSION = YES_AGGRESSIVE;
				CLANG_CXX_LANGUAGE_STANDARD = "gnu++20";
				CLANG_ENABLE_MODULES = YES;
				CLANG_ENABLE_OBJC_ARC = YES;
				CLANG_ENABLE_OBJC_WEAK = YES;
				CLANG_WARN_BLOCK_CAPTURE_AUTORELEASING = YES;
				CLANG_WARN_BOOL_CONVERSION = YES;
				CLANG_WARN_COMMA = YES;
				CLANG_WARN_CONSTANT_CONVERSION = YES;
				CLANG_WARN_DEPRECATED_OBJC_IMPLEMENTATIONS = YES;
				CLANG_WARN_DIRECT_OBJC_ISA_USAGE = YES_ERROR;
				CLANG_WARN_DOCUMENTATION_COMMENTS = YES;
				CLANG_WARN_EMPTY_BODY = YES;
				CLANG_WARN_ENUM_CONVERSION = YES;
				CLANG_WARN_INFINITE_RECURSION = YES;
				CLANG_WARN_INT_CONVERSION = YES;
				CLANG_WARN_NON_LITERAL_NULL_CONVERSION = YES;
				CLANG_WARN_OBJC_IMPLICIT_RETAIN_SELF = YES;
				CLANG_WARN_OBJC_LITERAL_CONVERSION = YES;
				CLANG_WARN_RANGE_LOOP_ANALYSIS = YES;
				CLANG_WARN_STRICT_PROTOTYPES = YES;
				CLANG_WARN_SUSPICIOUS_MOVE = YES;
				CLANG_WARN_UNGUARDED_AVAILABILITY = YES_AGGRESSIVE;
				CLANG_WARN_UNREACHABLE_CODE = YES;
				CLANG_WARN__DUPLICATE_METHOD_MATCH = YES;
				COPY_PHASE_STRIP = NO;
				DEBUG_INFORMATION_FORMAT = dwarf;
				ENABLE_STRICT_OBJC_MSGSEND = YES;
				ENABLE_TESTABILITY = YES;
				GCC_C_LANGUAGE_STANDARD = gnu11;
				GCC_DYNAMIC_NO_PIC = NO;
				GCC_NO_COMMON_BLOCKS = YES;
				GCC_OPTIMIZATION_LEVEL = 0;
				GCC_PREPROCESSOR_DEFINITIONS = (
					"DEBUG=1",
					"$(inherited)",
				);
				GCC_WARN_64_TO_32_BIT_CONVERSION = YES;
				GCC_WARN_ABOUT_RETURN_TYPE = YES_ERROR;
				GCC_WARN_UNDECLARED_SELECTOR = YES;
				GCC_WARN_UNINITIALIZED_AUTOS = YES_AGGRESSIVE;
				GCC_WARN_UNUSED_FUNCTION = YES;
				GCC_WARN_UNUSED_VARIABLE = YES;
				MACOSX_DEPLOYMENT_TARGET = 13.0;
				MTL_ENABLE_DEBUG_INFO = INCLUDE_SOURCE;
				ONLY_ACTIVE_ARCH = YES;
				SDKROOT = macosx;
				SWIFT_ACTIVE_COMPILATION_CONDITIONS = DEBUG;
				SWIFT_OPTIMIZATION_LEVEL = "-Onone";
			};
			name = Debug;
		};
		A1B2C3D4E5F60001A0000402 /* Release */ = {
			isa = XCBuildConfiguration;
			buildSettings = {
				ALWAYS_SEARCH_USER_PATHS = NO;
				CLANG_ANALYZER_NONNULL = YES;
				CLANG_ANALYZER_NUMBER_OBJECT_CONVERSION = YES_AGGRESSIVE;
				CLANG_CXX_LANGUAGE_STANDARD = "gnu++20";
				CLANG_ENABLE_MODULES = YES;
				CLANG_ENABLE_OBJC_ARC = YES;
				CLANG_ENABLE_OBJC_WEAK = YES;
				CLANG_WARN_BLOCK_CAPTURE_AUTORELEASING = YES;
				CLANG_WARN_BOOL_CONVERSION = YES;
				CLANG_WARN_COMMA = YES;
				CLANG_WARN_CONSTANT_CONVERSION = YES;
				CLANG_WARN_DEPRECATED_OBJC_IMPLEMENTATIONS = YES;
				CLANG_WARN_DIRECT_OBJC_ISA_USAGE = YES_ERROR;
				CLANG_WARN_DOCUMENTATION_COMMENTS = YES;
				CLANG_WARN_EMPTY_BODY = YES;
				CLANG_WARN_ENUM_CONVERSION = YES;
				CLANG_WARN_INFINITE_RECURSION = YES;
				CLANG_WARN_INT_CONVERSION = YES;
				CLANG_WARN_NON_LITERAL_NULL_CONVERSION = YES;
				CLANG_WARN_OBJC_IMPLICIT_RETAIN_SELF = YES;
				CLANG_WARN_OBJC_LITERAL_CONVERSION = YES;
				CLANG_WARN_RANGE_LOOP_ANALYSIS = YES;
				CLANG_WARN_STRICT_PROTOTYPES = YES;
				CLANG_WARN_SUSPICIOUS_MOVE = YES;
				CLANG_WARN_UNGUARDED_AVAILABILITY = YES_AGGRESSIVE;
				CLANG_WARN_UNREACHABLE_CODE = YES;
				CLANG_WARN__DUPLICATE_METHOD_MATCH = YES;
				COPY_PHASE_STRIP = YES;
				DEBUG_INFORMATION_FORMAT = "dwarf-with-dsym";
				ENABLE_NS_ASSERTIONS = NO;
				ENABLE_STRICT_OBJC_MSGSEND = YES;
				GCC_C_LANGUAGE_STANDARD = gnu11;
				GCC_NO_COMMON_BLOCKS = YES;
				MACOSX_DEPLOYMENT_TARGET = 13.0;
				SDKROOT = macosx;
				SWIFT_COMPILATION_MODE = wholemodule;
				SWIFT_OPTIMIZATION_LEVEL = "-O";
			};
			name = Release;
		};
		A1B2C3D4E5F60001A0000403 /* Debug */ = {
			isa = XCBuildConfiguration;
			buildSettings = {
				ASSETCATALOG_COMPILER_APPICON_NAME = AppIcon;
				CODE_SIGN_STYLE = Automatic;
				DEVELOPMENT_TEAM = "";
				INFOPLIST_FILE = Alpha/Info.plist;
				LD_RUNPATH_SEARCH_PATHS = (
					"$(inherited)",
					"@executable_path/../Frameworks",
				);
				PRODUCT_BUNDLE_IDENTIFIER = com.keedhost.alpha;
				PRODUCT_NAME = Alpha;
				SWIFT_VERSION = 5.0;
				VERSIONING_SYSTEM = "apple-generic";
				CURRENT_PROJECT_VERSION = 1;
				MARKETING_VERSION = 1.0;
			};
			name = Debug;
		};
		A1B2C3D4E5F60001A0000404 /* Release */ = {
			isa = XCBuildConfiguration;
			buildSettings = {
				ASSETCATALOG_COMPILER_APPICON_NAME = AppIcon;
				CODE_SIGN_STYLE = Automatic;
				DEVELOPMENT_TEAM = "";
				INFOPLIST_FILE = Alpha/Info.plist;
				LD_RUNPATH_SEARCH_PATHS = (
					"$(inherited)",
					"@executable_path/../Frameworks",
				);
				PRODUCT_BUNDLE_IDENTIFIER = com.keedhost.alpha;
				PRODUCT_NAME = Alpha;
				SWIFT_VERSION = 5.0;
				VERSIONING_SYSTEM = "apple-generic";
				CURRENT_PROJECT_VERSION = 1;
				MARKETING_VERSION = 1.0;
			};
			name = Release;
		};
/* End XCBuildConfiguration section */

/* Begin XCConfigurationList section */
		A1B2C3D4E5F60001A0000400 /* Build configuration list for PBXProject "Alpha" */ = {
			isa = XCConfigurationList;
			buildConfigurations = (
				A1B2C3D4E5F60001A0000401 /* Debug */,
				A1B2C3D4E5F60001A0000402 /* Release */,
			);
			defaultConfigurationIsVisible = 0;
			defaultConfigurationName = Release;
		};
		A1B2C3D4E5F60001A0000405 /* Build configuration list for PBXNativeTarget "Alpha" */ = {
			isa = XCConfigurationList;
			buildConfigurations = (
				A1B2C3D4E5F60001A0000403 /* Debug */,
				A1B2C3D4E5F60001A0000404 /* Release */,
			);
			defaultConfigurationIsVisible = 0;
			defaultConfigurationName = Release;
		};
/* End XCConfigurationList section */
	};
	rootObject = A1B2C3D4E5F60001A0000500 /* Project object */;
}
